// !$*UTF8*$!
{
	archiveVersion = 1;
	classes = {
	};
	objectVersion = 56;
	objects = {

/* Begin PBXBuildFile section */
		E88724CE2C9D552C0046918F /* CollectionsApp.swift in Sources */ = {isa = PBXBuildFile; fileRef = E88724CD2C9D552C0046918F /* CollectionsApp.swift */; };
		E88724D02C9D552C0046918F /* ContentView.swift in Sources */ = {isa = PBXBuildFile; fileRef = E88724CF2C9D552C0046918F /* ContentView.swift */; };
		E88724D22C9D552D0046918F /* Assets.xcassets in Resources */ = {isa = PBXBuildFile; fileRef = E88724D12C9D552D0046918F /* Assets.xcassets */; };
		E88724D52C9D552D0046918F /* Preview Assets.xcassets in Resources */ = {isa = PBXBuildFile; fileRef = E88724D42C9D552D0046918F /* Preview Assets.xcassets */; };
		E88724DF2C9D552D0046918F /* CollectionsTests.swift in Sources */ = {isa = PBXBuildFile; fileRef = E88724DE2C9D552D0046918F /* CollectionsTests.swift */; };
		E88724E92C9D552D0046918F /* CollectionsUITests.swift in Sources */ = {isa = PBXBuildFile; fileRef = E88724E82C9D552D0046918F /* CollectionsUITests.swift */; };
		E88724EB2C9D552D0046918F /* CollectionsUITestsLaunchTests.swift in Sources */ = {isa = PBXBuildFile; fileRef = E88724EA2C9D552D0046918F /* CollectionsUITestsLaunchTests.swift */; };
/* End PBXBuildFile section */

/* Begin PBXContainerItemProxy section */
		E88724DB2C9D552D0046918F /* PBXContainerItemProxy */ = {
			isa = PBXContainerItemProxy;
			containerPortal = E88724C22C9D552C0046918F /* Project object */;
			proxyType = 1;
			remoteGlobalIDString = E88724C92C9D552C0046918F;
			remoteInfo = Collections;
		};
		E88724E52C9D552D0046918F /* PBXContainerItemProxy */ = {
			isa = PBXContainerItemProxy;
			containerPortal = E88724C22C9D552C0046918F /* Project object */;
			proxyType = 1;
			remoteGlobalIDString = E88724C92C9D552C0046918F;
			remoteInfo = Collections;
		};
/* End PBXContainerItemProxy section */

/* Begin PBXFileReference section */
		E88724CA2C9D552C0046918F /* Collections.app */ = {isa = PBXFileReference; explicitFileType = wrapper.application; includeInIndex = 0; path = Collections.app; sourceTree = BUILT_PRODUCTS_DIR; };
		E88724CD2C9D552C0046918F /* CollectionsApp.swift */ = {isa = PBXFileReference; lastKnownFileType = sourcecode.swift; path = CollectionsApp.swift; sourceTree = "<group>"; };
		E88724CF2C9D552C0046918F /* ContentView.swift */ = {isa = PBXFileReference; lastKnownFileType = sourcecode.swift; path = ContentView.swift; sourceTree = "<group>"; };
		E88724D12C9D552D0046918F /* Assets.xcassets */ = {isa = PBXFileReference; lastKnownFileType = folder.assetcatalog; path = Assets.xcassets; sourceTree = "<group>"; };
		E88724D42C9D552D0046918F /* Preview Assets.xcassets */ = {isa = PBXFileReference; lastKnownFileType = folder.assetcatalog; path = "Preview Assets.xcassets"; sourceTree = "<group>"; };
		E88724DA2C9D552D0046918F /* CollectionsTests.xctest */ = {isa = PBXFileReference; explicitFileType = wrapper.cfbundle; includeInIndex = 0; path = CollectionsTests.xctest; sourceTree = BUILT_PRODUCTS_DIR; };
		E88724DE2C9D552D0046918F /* CollectionsTests.swift */ = {isa = PBXFileReference; lastKnownFileType = sourcecode.swift; path = CollectionsTests.swift; sourceTree = "<group>"; };
		E88724E42C9D552D0046918F /* CollectionsUITests.xctest */ = {isa = PBXFileReference; explicitFileType = wrapper.cfbundle; includeInIndex = 0; path = CollectionsUITests.xctest; sourceTree = BUILT_PRODUCTS_DIR; };
		E88724E82C9D552D0046918F /* CollectionsUITests.swift */ = {isa = PBXFileReference; lastKnownFileType = sourcecode.swift; path = CollectionsUITests.swift; sourceTree = "<group>"; };
		E88724EA2C9D552D0046918F /* CollectionsUITestsLaunchTests.swift */ = {isa = PBXFileReference; lastKnownFileType = sourcecode.swift; path = CollectionsUITestsLaunchTests.swift; sourceTree = "<group>"; };
/* End PBXFileReference section */

/* Begin PBXFrameworksBuildPhase section */
		E88724C72C9D552C0046918F /* Frameworks */ = {
			isa = PBXFrameworksBuildPhase;
			buildActionMask = 2147483647;
			files = (
			);
			runOnlyForDeploymentPostprocessing = 0;
		};
		E88724D72C9D552D0046918F /* Frameworks */ = {
			isa = PBXFrameworksBuildPhase;
			buildActionMask = 2147483647;
			files = (
			);
			runOnlyForDeploymentPostprocessing = 0;
		};
		E88724E12C9D552D0046918F /* Frameworks */ = {
			isa = PBXFrameworksBuildPhase;
			buildActionMask = 2147483647;
			files = (
			);
			runOnlyForDeploymentPostprocessing = 0;
		};
/* End PBXFrameworksBuildPhase section */

/* Begin PBXGroup section */
		E88724C12C9D552C0046918F = {
			isa = PBXGroup;
			children = (
				E88724CC2C9D552C0046918F /* Collections */,
				E88724DD2C9D552D0046918F /* CollectionsTests */,
				E88724E72C9D552D0046918F /* CollectionsUITests */,
				E88724CB2C9D552C0046918F /* Products */,
			);
			sourceTree = "<group>";
		};
		E88724CB2C9D552C0046918F /* Products */ = {
			isa = PBXGroup;
			children = (
				E88724CA2C9D552C0046918F /* Collections.app */,
				E88724DA2C9D552D0046918F /* CollectionsTests.xctest */,
				E88724E42C9D552D0046918F /* CollectionsUITests.xctest */,
			);
			name = Products;
			sourceTree = "<group>";
		};
		E88724CC2C9D552C0046918F /* Collections */ = {
			isa = PBXGroup;
			children = (
				E88724CD2C9D552C0046918F /* CollectionsApp.swift */,
				E88724CF2C9D552C0046918F /* ContentView.swift */,
				E88724D12C9D552D0046918F /* Assets.xcassets */,
				E88724D32C9D552D0046918F /* Preview Content */,
			);
			path = Collections;
			sourceTree = "<group>";
		};
		E88724D32C9D552D0046918F /* Preview Content */ = {
			isa = PBXGroup;
			children = (
				E88724D42C9D552D0046918F /* Preview Assets.xcassets */,
			);
			path = "Preview Content";
			sourceTree = "<group>";
		};
		E88724DD2C9D552D0046918F /* CollectionsTests */ = {
			isa = PBXGroup;
			children = (
				E88724DE2C9D552D0046918F /* CollectionsTests.swift */,
			);
			path = CollectionsTests;
			sourceTree = "<group>";
		};
		E88724E72C9D552D0046918F /* CollectionsUITests */ = {
			isa = PBXGroup;
			children = (
				E88724E82C9D552D0046918F /* CollectionsUITests.swift */,
				E88724EA2C9D552D0046918F /* CollectionsUITestsLaunchTests.swift */,
			);
			path = CollectionsUITests;
			sourceTree = "<group>";
		};
/* End PBXGroup section */

/* Begin PBXNativeTarget section */
		E88724C92C9D552C0046918F /* Collections */ = {
			isa = PBXNativeTarget;
			buildConfigurationList = E88724EE2C9D552D0046918F /* Build configuration list for PBXNativeTarget "Collections" */;
			buildPhases = (
				E88724C62C9D552C0046918F /* Sources */,
				E88724C72C9D552C0046918F /* Frameworks */,
				E88724C82C9D552C0046918F /* Resources */,
			);
			buildRules = (
			);
			dependencies = (
			);
			name = Collections;
			productName = Collections;
			productReference = E88724CA2C9D552C0046918F /* Collections.app */;
			productType = "com.apple.product-type.application";
		};
		E88724D92C9D552D0046918F /* CollectionsTests */ = {
			isa = PBXNativeTarget;
			buildConfigurationList = E88724F12C9D552D0046918F /* Build configuration list for PBXNativeTarget "CollectionsTests" */;
			buildPhases = (
				E88724D62C9D552D0046918F /* Sources */,
				E88724D72C9D552D0046918F /* Frameworks */,
				E88724D82C9D552D0046918F /* Resources */,
			);
			buildRules = (
			);
			dependencies = (
				E88724DC2C9D552D0046918F /* PBXTargetDependency */,
			);
			name = CollectionsTests;
			productName = CollectionsTests;
			productReference = E88724DA2C9D552D0046918F /* CollectionsTests.xctest */;
			productType = "com.apple.product-type.bundle.unit-test";
		};
		E88724E32C9D552D0046918F /* CollectionsUITests */ = {
			isa = PBXNativeTarget;
			buildConfigurationList = E88724F42C9D552D0046918F /* Build configuration list for PBXNativeTarget "CollectionsUITests" */;
			buildPhases = (
				E88724E02C9D552D0046918F /* Sources */,
				E88724E12C9D552D0046918F /* Frameworks */,
				E88724E22C9D552D0046918F /* Resources */,
			);
			buildRules = (
			);
			dependencies = (
				E88724E62C9D552D0046918F /* PBXTargetDependency */,
			);
			name = CollectionsUITests;
			productName = CollectionsUITests;
			productReference = E88724E42C9D552D0046918F /* CollectionsUITests.xctest */;
			productType = "com.apple.product-type.bundle.ui-testing";
		};
/* End PBXNativeTarget section */

/* Begin PBXProject section */
		E88724C22C9D552C0046918F /* Project object */ = {
			isa = PBXProject;
			attributes = {
				BuildIndependentTargetsInParallel = 1;
				LastSwiftUpdateCheck = 1430;
				LastUpgradeCheck = 1430;
				TargetAttributes = {
					E88724C92C9D552C0046918F = {
						CreatedOnToolsVersion = 14.3.1;
					};
					E88724D92C9D552D0046918F = {
						CreatedOnToolsVersion = 14.3.1;
						TestTargetID = E88724C92C9D552C0046918F;
					};
					E88724E32C9D552D0046918F = {
						CreatedOnToolsVersion = 14.3.1;
						TestTargetID = E88724C92C9D552C0046918F;
					};
				};
			};
			buildConfigurationList = E88724C52C9D552C0046918F /* Build configuration list for PBXProject "Collections" */;
			compatibilityVersion = "Xcode 14.0";
			developmentRegion = en;
			hasScannedForEncodings = 0;
			knownRegions = (
				en,
				Base,
			);
			mainGroup = E88724C12C9D552C0046918F;
			productRefGroup = E88724CB2C9D552C0046918F /* Products */;
			projectDirPath = "";
			projectRoot = "";
			targets = (
				E88724C92C9D552C0046918F /* Collections */,
				E88724D92C9D552D0046918F /* CollectionsTests */,
				E88724E32C9D552D0046918F /* CollectionsUITests */,
			);
		};
/* End PBXProject section */

/* Begin PBXResourcesBuildPhase section */
		E88724C82C9D552C0046918F /* Resources */ = {
			isa = PBXResourcesBuildPhase;
			buildActionMask = 2147483647;
			files = (
				E88724D52C9D552D0046918F /* Preview Assets.xcassets in Resources */,
				E88724D22C9D552D0046918F /* Assets.xcassets in Resources */,
			);
			runOnlyForDeploymentPostprocessing = 0;
		};
		E88724D82C9D552D0046918F /* Resources */ = {
			isa = PBXResourcesBuildPhase;
			buildActionMask = 2147483647;
			files = (
			);
			runOnlyForDeploymentPostprocessing = 0;
		};
		E88724E22C9D552D0046918F /* Resources */ = {
			isa = PBXResourcesBuildPhase;
			buildActionMask = 2147483647;
			files = (
			);
			runOnlyForDeploymentPostprocessing = 0;
		};
/* End PBXResourcesBuildPhase section */

/* Begin PBXSourcesBuildPhase section */
		E88724C62C9D552C0046918F /* Sources */ = {
			isa = PBXSourcesBuildPhase;
			buildActionMask = 2147483647;
			files = (
				E88724D02C9D552C0046918F /* ContentView.swift in Sources */,
				E88724CE2C9D552C0046918F /* CollectionsApp.swift in Sources */,
			);
			runOnlyForDeploymentPostprocessing = 0;
		};
		E88724D62C9D552D0046918F /* Sources */ = {
			isa = PBXSourcesBuildPhase;
			buildActionMask = 2147483647;
			files = (
				E88724DF2C9D552D0046918F /* CollectionsTests.swift in Sources */,
			);
			runOnlyForDeploymentPostprocessing = 0;
		};
		E88724E02C9D552D0046918F /* Sources */ = {
			isa = PBXSourcesBuildPhase;
			buildActionMask = 2147483647;
			files = (
				E88724EB2C9D552D0046918F /* CollectionsUITestsLaunchTests.swift in Sources */,
				E88724E92C9D552D0046918F /* CollectionsUITests.swift in Sources */,
			);
			runOnlyForDeploymentPostprocessing = 0;
		};
/* End PBXSourcesBuildPhase section */

/* Begin PBXTargetDependency section */
		E88724DC2C9D552D0046918F /* PBXTargetDependency */ = {
			isa = PBXTargetDependency;
			target = E88724C92C9D552C0046918F /* Collections */;
			targetProxy = E88724DB2C9D552D0046918F /* PBXContainerItemProxy */;
		};
		E88724E62C9D552D0046918F /* PBXTargetDependency */ = {
			isa = PBXTargetDependency;
			target = E88724C92C9D552C0046918F /* Collections */;
			targetProxy = E88724E52C9D552D0046918F /* PBXContainerItemProxy */;
		};
/* End PBXTargetDependency section */

/* Begin XCBuildConfiguration section */
		E88724EC2C9D552D0046918F /* Debug */ = {
			isa = XCBuildConfiguration;
			buildSettings = {
				ALWAYS_SEARCH_USER_PATHS = NO;
				CLANG_ANALYZER_NONNULL = YES;
				CLANG_ANALYZER_NUMBER_OBJECT_CONVERSION = YES_AGGRESSIVE;
				CLANG_CXX_LANGUAGE_STANDARD = "gnu++20";
				CLANG_ENABLE_MODULES = YES;
				CLANG_ENABLE_OBJC_ARC = YES;
				CLANG_ENABLE_OBJC_WEAK = YES;
				CLANG_WARN_BLOCK_CAPTURE_AUTORELEASING = YES;
				CLANG_WARN_BOOL_CONVERSION = YES;
				CLANG_WARN_COMMA = YES;
				CLANG_WARN_CONSTANT_CONVERSION = YES;
				CLANG_WARN_DEPRECATED_OBJC_IMPLEMENTATIONS = YES;
				CLANG_WARN_DIRECT_OBJC_ISA_USAGE = YES_ERROR;
				CLANG_WARN_DOCUMENTATION_COMMENTS = YES;
				CLANG_WARN_EMPTY_BODY = YES;
				CLANG_WARN_ENUM_CONVERSION = YES;
				CLANG_WARN_INFINITE_RECURSION = YES;
				CLANG_WARN_INT_CONVERSION = YES;
				CLANG_WARN_NON_LITERAL_NULL_CONVERSION = YES;
				CLANG_WARN_OBJC_IMPLICIT_RETAIN_SELF = YES;
				CLANG_WARN_OBJC_LITERAL_CONVERSION = YES;
				CLANG_WARN_OBJC_ROOT_CLASS = YES_ERROR;
				CLANG_WARN_QUOTED_INCLUDE_IN_FRAMEWORK_HEADER = YES;
				CLANG_WARN_RANGE_LOOP_ANALYSIS = YES;
				CLANG_WARN_STRICT_PROTOTYPES = YES;
				CLANG_WARN_SUSPICIOUS_MOVE = YES;
				CLANG_WARN_UNGUARDED_AVAILABILITY = YES_AGGRESSIVE;
				CLANG_WARN_UNREACHABLE_CODE = YES;
				CLANG_WARN__DUPLICATE_METHOD_MATCH = YES;
				COPY_PHASE_STRIP = NO;
				DEBUG_INFORMATION_FORMAT = dwarf;
				ENABLE_STRICT_OBJC_MSGSEND = YES;
				ENABLE_TESTABILITY = YES;
				GCC_C_LANGUAGE_STANDARD = gnu11;
				GCC_DYNAMIC_NO_PIC = NO;
				GCC_NO_COMMON_BLOCKS = YES;
				GCC_OPTIMIZATION_LEVEL = 0;
				GCC_PREPROCESSOR_DEFINITIONS = (
					"DEBUG=1",
					"$(inherited)",
				);
				GCC_WARN_64_TO_32_BIT_CONVERSION = YES;
				GCC_WARN_ABOUT_RETURN_TYPE = YES_ERROR;
				GCC_WARN_UNDECLARED_SELECTOR = YES;
				GCC_WARN_UNINITIALIZED_AUTOS = YES_AGGRESSIVE;
				GCC_WARN_UNUSED_FUNCTION = YES;
				GCC_WARN_UNUSED_VARIABLE = YES;
				IPHONEOS_DEPLOYMENT_TARGET = 16.4;
				MTL_ENABLE_DEBUG_INFO = INCLUDE_SOURCE;
				MTL_FAST_MATH = YES;
				ONLY_ACTIVE_ARCH = YES;
				SDKROOT = iphoneos;
				SWIFT_ACTIVE_COMPILATION_CONDITIONS = DEBUG;
				SWIFT_OPTIMIZATION_LEVEL = "-Onone";
			};
			name = Debug;
		};
		E88724ED2C9D552D0046918F /* Release */ = {
			isa = XCBuildConfiguration;
			buildSettings = {
				ALWAYS_SEARCH_USER_PATHS = NO;
				CLANG_ANALYZER_NONNULL = YES;
				CLANG_ANALYZER_NUMBER_OBJECT_CONVERSION = YES_AGGRESSIVE;
				CLANG_CXX_LANGUAGE_STANDARD = "gnu++20";
				CLANG_ENABLE_MODULES = YES;
				CLANG_ENABLE_OBJC_ARC = YES;
				CLANG_ENABLE_OBJC_WEAK = YES;
				CLANG_WARN_BLOCK_CAPTURE_AUTORELEASING = YES;
				CLANG_WARN_BOOL_CONVERSION = YES;
				CLANG_WARN_COMMA = YES;
				CLANG_WARN_CONSTANT_CONVERSION = YES;
				CLANG_WARN_DEPRECATED_OBJC_IMPLEMENTATIONS = YES;
				CLANG_WARN_DIRECT_OBJC_ISA_USAGE = YES_ERROR;
				CLANG_WARN_DOCUMENTATION_COMMENTS = YES;
				CLANG_WARN_EMPTY_BODY = YES;
				CLANG_WARN_ENUM_CONVERSION = YES;
				CLANG_WARN_INFINITE_RECURSION = YES;
				CLANG_WARN_INT_CONVERSION = YES;
				CLANG_WARN_NON_LITERAL_NULL_CONVERSION = YES;
				CLANG_WARN_OBJC_IMPLICIT_RETAIN_SELF = YES;
				CLANG_WARN_OBJC_LITERAL_CONVERSION = YES;
				CLANG_WARN_OBJC_ROOT_CLASS = YES_ERROR;
				CLANG_WARN_QUOTED_INCLUDE_IN_FRAMEWORK_HEADER = YES;
				CLANG_WARN_RANGE_LOOP_ANALYSIS = YES;
				CLANG_WARN_STRICT_PROTOTYPES = YES;
				CLANG_WARN_SUSPICIOUS_MOVE = YES;
				CLANG_WARN_UNGUARDED_AVAILABILITY = YES_AGGRESSIVE;
				CLANG_WARN_UNREACHABLE_CODE = YES;
				CLANG_WARN__DUPLICATE_METHOD_MATCH = YES;
				COPY_PHASE_STRIP = NO;
				DEBUG_INFORMATION_FORMAT = "dwarf-with-dsym";
				ENABLE_NS_ASSERTIONS = NO;
				ENABLE_STRICT_OBJC_MSGSEND = YES;
				GCC_C_LANGUAGE_STANDARD = gnu11;
				GCC_NO_COMMON_BLOCKS = YES;
				GCC_WARN_64_TO_32_BIT_CONVERSION = YES;
				GCC_WARN_ABOUT_RETURN_TYPE = YES_ERROR;
				GCC_WARN_UNDECLARED_SELECTOR = YES;
				GCC_WARN_UNINITIALIZED_AUTOS = YES_AGGRESSIVE;
				GCC_WARN_UNUSED_FUNCTION = YES;
				GCC_WARN_UNUSED_VARIABLE = YES;
				IPHONEOS_DEPLOYMENT_TARGET = 16.4;
				MTL_ENABLE_DEBUG_INFO = NO;
				MTL_FAST_MATH = YES;
				SDKROOT = iphoneos;
				SWIFT_COMPILATION_MODE = wholemodule;
				SWIFT_OPTIMIZATION_LEVEL = "-O";
				VALIDATE_PRODUCT = YES;
			};
			name = Release;
		};
		E88724EF2C9D552D0046918F /* Debug */ = {
			isa = XCBuildConfiguration;
			buildSettings = {
				ASSETCATALOG_COMPILER_APPICON_NAME = AppIcon;
				ASSETCATALOG_COMPILER_GLOBAL_ACCENT_COLOR_NAME = AccentColor;
				CODE_SIGN_STYLE = Automatic;
				CURRENT_PROJECT_VERSION = 1;
				DEVELOPMENT_ASSET_PATHS = "\"Collections/Preview Content\"";
				ENABLE_PREVIEWS = YES;
				GENERATE_INFOPLIST_FILE = YES;
				INFOPLIST_KEY_UIApplicationSceneManifest_Generation = YES;
				INFOPLIST_KEY_UIApplicationSupportsIndirectInputEvents = YES;
				INFOPLIST_KEY_UILaunchScreen_Generation = YES;
				INFOPLIST_KEY_UISupportedInterfaceOrientations_iPad = "UIInterfaceOrientationPortrait UIInterfaceOrientationPortraitUpsideDown UIInterfaceOrientationLandscapeLeft UIInterfaceOrientationLandscapeRight";
				INFOPLIST_KEY_UISupportedInterfaceOrientations_iPhone = "UIInterfaceOrientationPortrait UIInterfaceOrientationLandscapeLeft UIInterfaceOrientationLandscapeRight";
				LD_RUNPATH_SEARCH_PATHS = (
					"$(inherited)",
					"@executable_path/Frameworks",
				);
				MARKETING_VERSION = 1.0;
				PRODUCT_BUNDLE_IDENTIFIER = com.assquire.Collections;
				PRODUCT_NAME = "$(TARGET_NAME)";
				SWIFT_EMIT_LOC_STRINGS = YES;
				SWIFT_VERSION = 5.0;
				TARGETED_DEVICE_FAMILY = "1,2";
			};
			name = Debug;
		};
		E88724F02C9D552D0046918F /* Release */ = {
			isa = XCBuildConfiguration;
			buildSettings = {
				ASSETCATALOG_COMPILER_APPICON_NAME = AppIcon;
				ASSETCATALOG_COMPILER_GLOBAL_ACCENT_COLOR_NAME = AccentColor;
				CODE_SIGN_STYLE = Automatic;
				CURRENT_PROJECT_VERSION = 1;
				DEVELOPMENT_ASSET_PATHS = "\"Collections/Preview Content\"";
				ENABLE_PREVIEWS = YES;
				GENERATE_INFOPLIST_FILE = YES;
				INFOPLIST_KEY_UIApplicationSceneManifest_Generation = YES;
				INFOPLIST_KEY_UIApplicationSupportsIndirectInputEvents = YES;
				INFOPLIST_KEY_UILaunchScreen_Generation = YES;
				INFOPLIST_KEY_UISupportedInterfaceOrientations_iPad = "UIInterfaceOrientationPortrait UIInterfaceOrientationPortraitUpsideDown UIInterfaceOrientationLandscapeLeft UIInterfaceOrientationLandscapeRight";
				INFOPLIST_KEY_UISupportedInterfaceOrientations_iPhone = "UIInterfaceOrientationPortrait UIInterfaceOrientationLandscapeLeft UIInterfaceOrientationLandscapeRight";
				LD_RUNPATH_SEARCH_PATHS = (
					"$(inherited)",
					"@executable_path/Frameworks",
				);
				MARKETING_VERSION = 1.0;
				PRODUCT_BUNDLE_IDENTIFIER = com.assquire.Collections;
				PRODUCT_NAME = "$(TARGET_NAME)";
				SWIFT_EMIT_LOC_STRINGS = YES;
				SWIFT_VERSION = 5.0;
				TARGETED_DEVICE_FAMILY = "1,2";
			};
			name = Release;
		};
		E88724F22C9D552D0046918F /* Debug */ = {
			isa = XCBuildConfiguration;
			buildSettings = {
				ALWAYS_EMBED_SWIFT_STANDARD_LIBRARIES = YES;
				BUNDLE_LOADER = "$(TEST_HOST)";
				CODE_SIGN_STYLE = Automatic;
				CURRENT_PROJECT_VERSION = 1;
				GENERATE_INFOPLIST_FILE = YES;
				IPHONEOS_DEPLOYMENT_TARGET = 16.4;
				MARKETING_VERSION = 1.0;
				PRODUCT_BUNDLE_IDENTIFIER = com.assquire.CollectionsTests;
				PRODUCT_NAME = "$(TARGET_NAME)";
				SWIFT_EMIT_LOC_STRINGS = NO;
				SWIFT_VERSION = 5.0;
				TARGETED_DEVICE_FAMILY = "1,2";
				TEST_HOST = "$(BUILT_PRODUCTS_DIR)/Collections.app/$(BUNDLE_EXECUTABLE_FOLDER_PATH)/Collections";
			};
			name = Debug;
		};
		E88724F32C9D552D0046918F /* Release */ = {
			isa = XCBuildConfiguration;
			buildSettings = {
				ALWAYS_EMBED_SWIFT_STANDARD_LIBRARIES = YES;
				BUNDLE_LOADER = "$(TEST_HOST)";
				CODE_SIGN_STYLE = Automatic;
				CURRENT_PROJECT_VERSION = 1;
				GENERATE_INFOPLIST_FILE = YES;
				IPHONEOS_DEPLOYMENT_TARGET = 16.4;
				MARKETING_VERSION = 1.0;
				PRODUCT_BUNDLE_IDENTIFIER = com.assquire.CollectionsTests;
				PRODUCT_NAME = "$(TARGET_NAME)";
				SWIFT_EMIT_LOC_STRINGS = NO;
				SWIFT_VERSION = 5.0;
				TARGETED_DEVICE_FAMILY = "1,2";
				TEST_HOST = "$(BUILT_PRODUCTS_DIR)/Collections.app/$(BUNDLE_EXECUTABLE_FOLDER_PATH)/Collections";
			};
			name = Release;
		};
		E88724F52C9D552D0046918F /* Debug */ = {
			isa = XCBuildConfiguration;
			buildSettings = {
				ALWAYS_EMBED_SWIFT_STANDARD_LIBRARIES = YES;
				CODE_SIGN_STYLE = Automatic;
				CURRENT_PROJECT_VERSION = 1;
				GENERATE_INFOPLIST_FILE = YES;
				MARKETING_VERSION = 1.0;
				PRODUCT_BUNDLE_IDENTIFIER = com.assquire.CollectionsUITests;
				PRODUCT_NAME = "$(TARGET_NAME)";
				SWIFT_EMIT_LOC_STRINGS = NO;
				SWIFT_VERSION = 5.0;
				TARGETED_DEVICE_FAMILY = "1,2";
				TEST_TARGET_NAME = Collections;
			};
			name = Debug;
		};
		E88724F62C9D552D0046918F /* Release */ = {
			isa = XCBuildConfiguration;
			buildSettings = {
				ALWAYS_EMBED_SWIFT_STANDARD_LIBRARIES = YES;
				CODE_SIGN_STYLE = Automatic;
				CURRENT_PROJECT_VERSION = 1;
				GENERATE_INFOPLIST_FILE = YES;
				MARKETING_VERSION = 1.0;
				PRODUCT_BUNDLE_IDENTIFIER = com.assquire.CollectionsUITests;
				PRODUCT_NAME = "$(TARGET_NAME)";
				SWIFT_EMIT_LOC_STRINGS = NO;
				SWIFT_VERSION = 5.0;
				TARGETED_DEVICE_FAMILY = "1,2";
				TEST_TARGET_NAME = Collections;
			};
			name = Release;
		};
/* End XCBuildConfiguration section */

/* Begin XCConfigurationList section */
		E88724C52C9D552C0046918F /* Build configuration list for PBXProject "Collections" */ = {
			isa = XCConfigurationList;
			buildConfigurations = (
				E88724EC2C9D552D0046918F /* Debug */,
				E88724ED2C9D552D0046918F /* Release */,
			);
			defaultConfigurationIsVisible = 0;
			defaultConfigurationName = Release;
		};
		E88724EE2C9D552D0046918F /* Build configuration list for PBXNativeTarget "Collections" */ = {
			isa = XCConfigurationList;
			buildConfigurations = (
				E88724EF2C9D552D0046918F /* Debug */,
				E88724F02C9D552D0046918F /* Release */,
			);
			defaultConfigurationIsVisible = 0;
			defaultConfigurationName = Release;
		};
		E88724F12C9D552D0046918F /* Build configuration list for PBXNativeTarget "CollectionsTests" */ = {
			isa = XCConfigurationList;
			buildConfigurations = (
				E88724F22C9D552D0046918F /* Debug */,
				E88724F32C9D552D0046918F /* Release */,
			);
			defaultConfigurationIsVisible = 0;
			defaultConfigurationName = Release;
		};
		E88724F42C9D552D0046918F /* Build configuration list for PBXNativeTarget "CollectionsUITests" */ = {
			isa = XCConfigurationList;
			buildConfigurations = (
				E88724F52C9D552D0046918F /* Debug */,
				E88724F62C9D552D0046918F /* Release */,
			);
			defaultConfigurationIsVisible = 0;
			defaultConfigurationName = Release;
		};
/* End XCConfigurationList section */
	};
	rootObject = E88724C22C9D552C0046918F /* Project object */;
}
